// !$*UTF8*$!
{
	archiveVersion = 1;
	classes = {
	};
	objectVersion = 77;
	objects = {

/* Begin PBXBuildFile section */
		18017C892F95AAD200FE0B1D /* GoogleService-Info.plist in Resources */ = {isa = PBXBuildFile; fileRef = 18017C882F95AAD200FE0B1D /* GoogleService-Info.plist */; };
		FB0000032F511D70004CF32F /* FirebaseAnalytics in Frameworks */ = {isa = PBXBuildFile; productRef = FB0000022F511D70004CF32F /* FirebaseAnalytics */; };
/* End PBXBuildFile section */

/* Begin PBXContainerItemProxy section */
		18845A992F511D70004CF32F /* PBXContainerItemProxy */ = {
			isa = PBXContainerItemProxy;
			containerPortal = 18845A832F511D6D004CF32F /* Project object */;
			proxyType = 1;
			remoteGlobalIDString = 18845A8A2F511D6D004CF32F;
			remoteInfo = "うんち記録";
		};
		18845AA32F511D70004CF32F /* PBXContainerItemProxy */ = {
			isa = PBXContainerItemProxy;
			containerPortal = 18845A832F511D6D004CF32F /* Project object */;
			proxyType = 1;
			remoteGlobalIDString = 18845A8A2F511D6D004CF32F;
			remoteInfo = "うんち記録";
		};
/* End PBXContainerItemProxy section */

/* Begin PBXFileReference section */
		18017C882F95AAD200FE0B1D /* GoogleService-Info.plist */ = {isa = PBXFileReference; lastKnownFileType = text.plist.xml; path = "GoogleService-Info.plist"; sourceTree = "<group>"; };
		18845A8B2F511D6D004CF32F /* うんち記録.app */ = {isa = PBXFileReference; explicitFileType = wrapper.application; includeInIndex = 0; path = "うんち記録.app"; sourceTree = BUILT_PRODUCTS_DIR; };
		18845A982F511D70004CF32F /* うんち記録Tests.xctest */ = {isa = PBXFileReference; explicitFileType = wrapper.cfbundle; includeInIndex = 0; path = "うんち記録Tests.xctest"; sourceTree = BUILT_PRODUCTS_DIR; };
		18845AA22F511D70004CF32F /* うんち記録UITests.xctest */ = {isa = PBXFileReference; explicitFileType = wrapper.cfbundle; includeInIndex = 0; path = "うんち記録UITests.xctest"; sourceTree = BUILT_PRODUCTS_DIR; };
/* End PBXFileReference section */

/* Begin PBXFileSystemSynchronizedRootGroup section */
		18845A8D2F511D6D004CF32F /* うんち記録 */ = {
			isa = PBXFileSystemSynchronizedRootGroup;
			path = "うんち記録";
			sourceTree = "<group>";
		};
		18845A9B2F511D70004CF32F /* うんち記録Tests */ = {
			isa = PBXFileSystemSynchronizedRootGroup;
			path = "うんち記録Tests";
			sourceTree = "<group>";
		};
		18845AA52F511D70004CF32F /* うんち記録UITests */ = {
			isa = PBXFileSystemSynchronizedRootGroup;
			path = "うんち記録UITests";
			sourceTree = "<group>";
		};
/* End PBXFileSystemSynchronizedRootGroup section */

/* Begin PBXFrameworksBuildPhase section */
		18845A882F511D6D004CF32F /* Frameworks */ = {
			isa = PBXFrameworksBuildPhase;
			buildActionMask = 2147483647;
			files = (
				FB0000032F511D70004CF32F /* FirebaseAnalytics in Frameworks */,
			);
			runOnlyForDeploymentPostprocessing = 0;
		};
		18845A952F511D70004CF32F /* Frameworks */ = {
			isa = PBXFrameworksBuildPhase;
			buildActionMask = 2147483647;
			files = (
			);
			runOnlyForDeploymentPostprocessing = 0;
		};
		18845A9F2F511D70004CF32F /* Frameworks */ = {
			isa = PBXFrameworksBuildPhase;
			buildActionMask = 2147483647;
			files = (
			);
			runOnlyForDeploymentPostprocessing = 0;
		};
/* End PBXFrameworksBuildPhase section */

/* Begin PBXGroup section */
		18845A822F511D6D004CF32F = {
			isa = PBXGroup;
			children = (
				18017C882F95AAD200FE0B1D /* GoogleService-Info.plist */,
				18845A8D2F511D6D004CF32F /* うんち記録 */,
				18845A9B2F511D70004CF32F /* うんち記録Tests */,
				18845AA52F511D70004CF32F /* うんち記録UITests */,
				18845A8C2F511D6D004CF32F /* Products */,
			);
			sourceTree = "<group>";
		};
		18845A8C2F511D6D004CF32F /* Products */ = {
			isa = PBXGroup;
			children = (
				18845A8B2F511D6D004CF32F /* うんち記録.app */,
				18845A982F511D70004CF32F /* うんち記録Tests.xctest */,
				18845AA22F511D70004CF32F /* うんち記録UITests.xctest */,
			);
			name = Products;
			sourceTree = "<group>";
		};
/* End PBXGroup section */

/* Begin PBXNativeTarget section */
		18845A8A2F511D6D004CF32F /* うんち記録 */ = {
			isa = PBXNativeTarget;
			buildConfigurationList = 18845AAC2F511D70004CF32F /* Build configuration list for PBXNativeTarget "うんち記録" */;
			buildPhases = (
				18845A872F511D6D004CF32F /* Sources */,
				18845A882F511D6D004CF32F /* Frameworks */,
				18845A892F511D6D004CF32F /* Resources */,
			);
			buildRules = (
			);
			dependencies = (
			);
			fileSystemSynchronizedGroups = (
				18845A8D2F511D6D004CF32F /* うんち記録 */,
			);
			name = "うんち記録";
			packageProductDependencies = (
				FB0000022F511D70004CF32F /* FirebaseAnalytics */,
			);
			productName = "うんち記録";
			productReference = 18845A8B2F511D6D004CF32F /* うんち記録.app */;
			productType = "com.apple.product-type.application";
		};
		18845A972F511D70004CF32F /* うんち記録Tests */ = {
			isa = PBXNativeTarget;
			buildConfigurationList = 18845AAF2F511D70004CF32F /* Build configuration list for PBXNativeTarget "うんち記録Tests" */;
			buildPhases = (
				18845A942F511D70004CF32F /* Sources */,
				18845A952F511D70004CF32F /* Frameworks */,
				18845A962F511D70004CF32F /* Resources */,
			);
			buildRules = (
			);
			dependencies = (
				18845A9A2F511D70004CF32F /* PBXTargetDependency */,
			);
			fileSystemSynchronizedGroups = (
				18845A9B2F511D70004CF32F /* うんち記録Tests */,
			);
			name = "うんち記録Tests";
			packageProductDependencies = (
			);
			productName = "うんち記録Tests";
			productReference = 18845A982F511D70004CF32F /* うんち記録Tests.xctest */;
			productType = "com.apple.product-type.bundle.unit-test";
		};
		18845AA12F511D70004CF32F /* うんち記録UITests */ = {
			isa = PBXNativeTarget;
			buildConfigurationList = 18845AB22F511D70004CF32F /* Build configuration list for PBXNativeTarget "うんち記録UITests" */;
			buildPhases = (
				18845A9E2F511D70004CF32F /* Sources */,
				18845A9F2F511D70004CF32F /* Frameworks */,
				18845AA02F511D70004CF32F /* Resources */,
			);
			buildRules = (
			);
			dependencies = (
				18845AA42F511D70004CF32F /* PBXTargetDependency */,
			);
			fileSystemSynchronizedGroups = (
				18845AA52F511D70004CF32F /* うんち記録UITests */,
			);
			name = "うんち記録UITests";
			packageProductDependencies = (
			);
			productName = "うんち記録UITests";
			productReference = 18845AA22F511D70004CF32F /* うんち記録UITests.xctest */;
			productType = "com.apple.product-type.bundle.ui-testing";
		};
/* End PBXNativeTarget section */

/* Begin PBXProject section */
		18845A832F511D6D004CF32F /* Project object */ = {
			isa = PBXProject;
			attributes = {
				BuildIndependentTargetsInParallel = 1;
				LastSwiftUpdateCheck = 1630;
				LastUpgradeCheck = 1630;
				TargetAttributes = {
					18845A8A2F511D6D004CF32F = {
						CreatedOnToolsVersion = 16.3;
					};
					18845A972F511D70004CF32F = {
						CreatedOnToolsVersion = 16.3;
						TestTargetID = 18845A8A2F511D6D004CF32F;
					};
					18845AA12F511D70004CF32F = {
						CreatedOnToolsVersion = 16.3;
						TestTargetID = 18845A8A2F511D6D004CF32F;
					};
				};
			};
			buildConfigurationList = 18845A862F511D6D004CF32F /* Build configuration list for PBXProject "うんち記録" */;
			developmentRegion = en;
			hasScannedForEncodings = 0;
			knownRegions = (
				en,
				Base,
			);
			mainGroup = 18845A822F511D6D004CF32F;
			minimizedProjectReferenceProxies = 1;
			packageReferences = (
				FB0000012F511D70004CF32F /* XCRemoteSwiftPackageReference "firebase-ios-sdk" */,
			);
			preferredProjectObjectVersion = 77;
			productRefGroup = 18845A8C2F511D6D004CF32F /* Products */;
			projectDirPath = "";
			projectRoot = "";
			targets = (
				18845A8A2F511D6D004CF32F /* うんち記録 */,
				18845A972F511D70004CF32F /* うんち記録Tests */,
				18845AA12F511D70004CF32F /* うんち記録UITests */,
			);
		};
/* End PBXProject section */

/* Begin PBXResourcesBuildPhase section */
		18845A892F511D6D004CF32F /* Resources */ = {
			isa = PBXResourcesBuildPhase;
			buildActionMask = 2147483647;
			files = (
				18017C892F95AAD200FE0B1D /* GoogleService-Info.plist in Resources */,
			);
			runOnlyForDeploymentPostprocessing = 0;
		};
		18845A962F511D70004CF32F /* Resources */ = {
			isa = PBXResourcesBuildPhase;
			buildActionMask = 2147483647;
			files = (
			);
			runOnlyForDeploymentPostprocessing = 0;
		};
		18845AA02F511D70004CF32F /* Resources */ = {
			isa = PBXResourcesBuildPhase;
			buildActionMask = 2147483647;
			files = (
			);
			runOnlyForDeploymentPostprocessing = 0;
		};
/* End PBXResourcesBuildPhase section */

/* Begin PBXSourcesBuildPhase section */
		18845A872F511D6D004CF32F /* Sources */ = {
			isa = PBXSourcesBuildPhase;
			buildActionMask = 2147483647;
			files = (
			);
			runOnlyForDeploymentPostprocessing = 0;
		};
		18845A942F511D70004CF32F /* Sources */ = {
			isa = PBXSourcesBuildPhase;
			buildActionMask = 2147483647;
			files = (
			);
			runOnlyForDeploymentPostprocessing = 0;
		};
		18845A9E2F511D70004CF32F /* Sources */ = {
			isa = PBXSourcesBuildPhase;
			buildActionMask = 2147483647;
			files = (
			);
			runOnlyForDeploymentPostprocessing = 0;
		};
/* End PBXSourcesBuildPhase section */

/* Begin PBXTargetDependency section */
		18845A9A2F511D70004CF32F /* PBXTargetDependency */ = {
			isa = PBXTargetDependency;
			target = 18845A8A2F511D6D004CF32F /* うんち記録 */;
			targetProxy = 18845A992F511D70004CF32F /* PBXContainerItemProxy */;
		};
		18845AA42F511D70004CF32F /* PBXTargetDependency */ = {
			isa = PBXTargetDependency;
			target = 18845A8A2F511D6D004CF32F /* うんち記録 */;
			targetProxy = 18845AA32F511D70004CF32F /* PBXContainerItemProxy */;
		};
/* End PBXTargetDependency section */

/* Begin XCBuildConfiguration section */
		18845AAA2F511D70004CF32F /* Debug */ = {
			isa = XCBuildConfiguration;
			buildSettings = {
				ALWAYS_SEARCH_USER_PATHS = NO;
				ASSETCATALOG_COMPILER_GENERATE_SWIFT_ASSET_SYMBOL_EXTENSIONS = YES;
				CLANG_ANALYZER_NONNULL = YES;
				CLANG_ANALYZER_NUMBER_OBJECT_CONVERSION = YES_AGGRESSIVE;
				CLANG_CXX_LANGUAGE_STANDARD = "gnu++20";
				CLANG_ENABLE_MODULES = YES;
				CLANG_ENABLE_OBJC_ARC = YES;
				CLANG_ENABLE_OBJC_WEAK = YES;
				CLANG_WARN_BLOCK_CAPTURE_AUTORELEASING = YES;
				CLANG_WARN_BOOL_CONVERSION = YES;
				CLANG_WARN_COMMA = YES;
				CLANG_WARN_CONSTANT_CONVERSION = YES;
				CLANG_WARN_DEPRECATED_OBJC_IMPLEMENTATIONS = YES;
				CLANG_WARN_DIRECT_OBJC_ISA_USAGE = YES_ERROR;
				CLANG_WARN_DOCUMENTATION_COMMENTS = YES;
				CLANG_WARN_EMPTY_BODY = YES;
				CLANG_WARN_ENUM_CONVERSION = YES;
				CLANG_WARN_INFINITE_RECURSION = YES;
				CLANG_WARN_INT_CONVERSION = YES;
				CLANG_WARN_NON_LITERAL_NULL_CONVERSION = YES;
				CLANG_WARN_OBJC_IMPLICIT_RETAIN_SELF = YES;
				CLANG_WARN_OBJC_LITERAL_CONVERSION = YES;
				CLANG_WARN_OBJC_ROOT_CLASS = YES_ERROR;
				CLANG_WARN_QUOTED_INCLUDE_IN_FRAMEWORK_HEADER = YES;
				CLANG_WARN_RANGE_LOOP_ANALYSIS = YES;
				CLANG_WARN_STRICT_PROTOTYPES = YES;
				CLANG_WARN_SUSPICIOUS_MOVE = YES;
				CLANG_WARN_UNGUARDED_AVAILABILITY = YES_AGGRESSIVE;
				CLANG_WARN_UNREACHABLE_CODE = YES;
				CLANG_WARN__DUPLICATE_METHOD_MATCH = YES;
				COPY_PHASE_STRIP = NO;
				DEBUG_INFORMATION_FORMAT = dwarf;
				DEVELOPMENT_TEAM = TB9B9824U4;
				ENABLE_STRICT_OBJC_MSGSEND = YES;
				ENABLE_TESTABILITY = YES;
				ENABLE_USER_SCRIPT_SANDBOXING = YES;
				GCC_C_LANGUAGE_STANDARD = gnu17;
				GCC_DYNAMIC_NO_PIC = NO;
				GCC_NO_COMMON_BLOCKS = YES;
				GCC_OPTIMIZATION_LEVEL = 0;
				GCC_PREPROCESSOR_DEFINITIONS = (
					"DEBUG=1",
					"$(inherited)",
				);
				GCC_WARN_64_TO_32_BIT_CONVERSION = YES;
				GCC_WARN_ABOUT_RETURN_TYPE = YES_ERROR;
				GCC_WARN_UNDECLARED_SELECTOR = YES;
				GCC_WARN_UNINITIALIZED_AUTOS = YES_AGGRESSIVE;
				GCC_WARN_UNUSED_FUNCTION = YES;
				GCC_WARN_UNUSED_VARIABLE = YES;
				IPHONEOS_DEPLOYMENT_TARGET = 18.4;
				LOCALIZATION_PREFERS_STRING_CATALOGS = YES;
				MTL_ENABLE_DEBUG_INFO = INCLUDE_SOURCE;
				MTL_FAST_MATH = YES;
				ONLY_ACTIVE_ARCH = YES;
				SDKROOT = iphoneos;
				SWIFT_ACTIVE_COMPILATION_CONDITIONS = "DEBUG $(inherited)";
				SWIFT_OPTIMIZATION_LEVEL = "-Onone";
			};
			name = Debug;
		};
		18845AAB2F511D70004CF32F /* Release */ = {
			isa = XCBuildConfiguration;
			buildSettings = {
				ALWAYS_SEARCH_USER_PATHS = NO;
				ASSETCATALOG_COMPILER_GENERATE_SWIFT_ASSET_SYMBOL_EXTENSIONS = YES;
				CLANG_ANALYZER_NONNULL = YES;
				CLANG_ANALYZER_NUMBER_OBJECT_CONVERSION = YES_AGGRESSIVE;
				CLANG_CXX_LANGUAGE_STANDARD = "gnu++20";
				CLANG_ENABLE_MODULES = YES;
				CLANG_ENABLE_OBJC_ARC = YES;
				CLANG_ENABLE_OBJC_WEAK = YES;
				CLANG_WARN_BLOCK_CAPTURE_AUTORELEASING = YES;
				CLANG_WARN_BOOL_CONVERSION = YES;
				CLANG_WARN_COMMA = YES;
				CLANG_WARN_CONSTANT_CONVERSION = YES;
				CLANG_WARN_DEPRECATED_OBJC_IMPLEMENTATIONS = YES;
				CLANG_WARN_DIRECT_OBJC_ISA_USAGE = YES_ERROR;
				CLANG_WARN_DOCUMENTATION_COMMENTS = YES;
				CLANG_WARN_EMPTY_BODY = YES;
				CLANG_WARN_ENUM_CONVERSION = YES;
				CLANG_WARN_INFINITE_RECURSION = YES;
				CLANG_WARN_INT_CONVERSION = YES;
				CLANG_WARN_NON_LITERAL_NULL_CONVERSION = YES;
				CLANG_WARN_OBJC_IMPLICIT_RETAIN_SELF = YES;
				CLANG_WARN_OBJC_LITERAL_CONVERSION = YES;
				CLANG_WARN_OBJC_ROOT_CLASS = YES_ERROR;
				CLANG_WARN_QUOTED_INCLUDE_IN_FRAMEWORK_HEADER = YES;
				CLANG_WARN_RANGE_LOOP_ANALYSIS = YES;
				CLANG_WARN_STRICT_PROTOTYPES = YES;
				CLANG_WARN_SUSPICIOUS_MOVE = YES;
				CLANG_WARN_UNGUARDED_AVAILABILITY = YES_AGGRESSIVE;
				CLANG_WARN_UNREACHABLE_CODE = YES;
				CLANG_WARN__DUPLICATE_METHOD_MATCH = YES;
				COPY_PHASE_STRIP = NO;
				DEBUG_INFORMATION_FORMAT = "dwarf-with-dsym";
				DEVELOPMENT_TEAM = TB9B9824U4;
				ENABLE_NS_ASSERTIONS = NO;
				ENABLE_STRICT_OBJC_MSGSEND = YES;
				ENABLE_USER_SCRIPT_SANDBOXING = YES;
				GCC_C_LANGUAGE_STANDARD = gnu17;
				GCC_NO_COMMON_BLOCKS = YES;
				GCC_WARN_64_TO_32_BIT_CONVERSION = YES;
				GCC_WARN_ABOUT_RETURN_TYPE = YES_ERROR;
				GCC_WARN_UNDECLARED_SELECTOR = YES;
				GCC_WARN_UNINITIALIZED_AUTOS = YES_AGGRESSIVE;
				GCC_WARN_UNUSED_FUNCTION = YES;
				GCC_WARN_UNUSED_VARIABLE = YES;
				IPHONEOS_DEPLOYMENT_TARGET = 18.4;
				LOCALIZATION_PREFERS_STRING_CATALOGS = YES;
				MTL_ENABLE_DEBUG_INFO = NO;
				MTL_FAST_MATH = YES;
				SDKROOT = iphoneos;
				SWIFT_COMPILATION_MODE = wholemodule;
				VALIDATE_PRODUCT = YES;
			};
			name = Release;
		};
		18845AAD2F511D70004CF32F /* Debug */ = {
			isa = XCBuildConfiguration;
			buildSettings = {
				ASSETCATALOG_COMPILER_APPICON_NAME = AppIcon;
				ASSETCATALOG_COMPILER_GLOBAL_ACCENT_COLOR_NAME = AccentColor;
				CODE_SIGN_STYLE = Automatic;
				CURRENT_PROJECT_VERSION = 5;
				DEVELOPMENT_TEAM = TB9B9824U4;
				ENABLE_PREVIEWS = YES;
				GENERATE_INFOPLIST_FILE = YES;
				INFOPLIST_KEY_CFBundleDisplayName = Bloom;
				INFOPLIST_KEY_FirebaseDataCollectionDefaultEnabled = YES;
				INFOPLIST_KEY_NSCameraUsageDescription = "記録に写真を添付するためにカメラを使用します";
				INFOPLIST_KEY_NSPhotoLibraryUsageDescription = "記録に写真を添付するためにフォトライブラリにアクセスします";
				INFOPLIST_KEY_UIApplicationSceneManifest_Generation = YES;
				INFOPLIST_KEY_UIApplicationSupportsIndirectInputEvents = YES;
				INFOPLIST_KEY_UILaunchScreen_Generation = YES;
				INFOPLIST_KEY_UISupportedInterfaceOrientations_iPad = "UIInterfaceOrientationPortrait UIInterfaceOrientationPortraitUpsideDown UIInterfaceOrientationLandscapeLeft UIInterfaceOrientationLandscapeRight";
				INFOPLIST_KEY_UISupportedInterfaceOrientations_iPhone = "UIInterfaceOrientationPortrait UIInterfaceOrientationLandscapeLeft UIInterfaceOrientationLandscapeRight";
				LD_RUNPATH_SEARCH_PATHS = (
					"$(inherited)",
					"@executable_path/Frameworks",
				);
				MARKETING_VERSION = 1.0.4;
				PRODUCT_BUNDLE_IDENTIFIER = com.bloom.bowelrecord;
				PRODUCT_NAME = "$(TARGET_NAME)";
				SWIFT_EMIT_LOC_STRINGS = YES;
				SWIFT_VERSION = 5.0;
				TARGETED_DEVICE_FAMILY = "1,2";
			};
			name = Debug;
		};
		18845AAE2F511D70004CF32F /* Release */ = {
			isa = XCBuildConfiguration;
			buildSettings = {
				ASSETCATALOG_COMPILER_APPICON_NAME = AppIcon;
				ASSETCATALOG_COMPILER_GLOBAL_ACCENT_COLOR_NAME = AccentColor;
				CODE_SIGN_STYLE = Automatic;
				CURRENT_PROJECT_VERSION = 5;
				DEVELOPMENT_TEAM = TB9B9824U4;
				ENABLE_PREVIEWS = YES;
				GENERATE_INFOPLIST_FILE = YES;
				INFOPLIST_KEY_CFBundleDisplayName = Bloom;
				INFOPLIST_KEY_FirebaseDataCollectionDefaultEnabled = YES;
				INFOPLIST_KEY_NSCameraUsageDescription = "記録に写真を添付するためにカメラを使用します";
				INFOPLIST_KEY_NSPhotoLibraryUsageDescription = "記録に写真を添付するためにフォトライブラリにアクセスします";
				INFOPLIST_KEY_UIApplicationSceneManifest_Generation = YES;
				INFOPLIST_KEY_UIApplicationSupportsIndirectInputEvents = YES;
				INFOPLIST_KEY_UILaunchScreen_Generation = YES;
				INFOPLIST_KEY_UISupportedInterfaceOrientations_iPad = "UIInterfaceOrientationPortrait UIInterfaceOrientationPortraitUpsideDown UIInterfaceOrientationLandscapeLeft UIInterfaceOrientationLandscapeRight";
				INFOPLIST_KEY_UISupportedInterfaceOrientations_iPhone = "UIInterfaceOrientationPortrait UIInterfaceOrientationLandscapeLeft UIInterfaceOrientationLandscapeRight";
				LD_RUNPATH_SEARCH_PATHS = (
					"$(inherited)",
					"@executable_path/Frameworks",
				);
				MARKETING_VERSION = 1.0.4;
				PRODUCT_BUNDLE_IDENTIFIER = com.bloom.bowelrecord;
				PRODUCT_NAME = "$(TARGET_NAME)";
				SWIFT_EMIT_LOC_STRINGS = YES;
				SWIFT_VERSION = 5.0;
				TARGETED_DEVICE_FAMILY = "1,2";
			};
			name = Release;
		};
		18845AB02F511D70004CF32F /* Debug */ = {
			isa = XCBuildConfiguration;
			buildSettings = {
				BUNDLE_LOADER = "$(TEST_HOST)";
				CODE_SIGN_STYLE = Automatic;
				CURRENT_PROJECT_VERSION = 2;
				DEVELOPMENT_TEAM = TB9B9824U4;
				GENERATE_INFOPLIST_FILE = YES;
				IPHONEOS_DEPLOYMENT_TARGET = 18.4;
				MARKETING_VERSION = 1.0.1;
				PRODUCT_BUNDLE_IDENTIFIER = com.bloom.bowelrecordTests;
				PRODUCT_NAME = "$(TARGET_NAME)";
				SWIFT_EMIT_LOC_STRINGS = NO;
				SWIFT_VERSION = 5.0;
				TARGETED_DEVICE_FAMILY = "1,2";
				TEST_HOST = "$(BUILT_PRODUCTS_DIR)/うんち記録.app/$(BUNDLE_EXECUTABLE_FOLDER_PATH)/うんち記録";
			};
			name = Debug;
		};
		18845AB12F511D70004CF32F /* Release */ = {
			isa = XCBuildConfiguration;
			buildSettings = {
				BUNDLE_LOADER = "$(TEST_HOST)";
				CODE_SIGN_STYLE = Automatic;
				CURRENT_PROJECT_VERSION = 2;
				DEVELOPMENT_TEAM = TB9B9824U4;
				GENERATE_INFOPLIST_FILE = YES;
				IPHONEOS_DEPLOYMENT_TARGET = 18.4;
				MARKETING_VERSION = 1.0.1;
				PRODUCT_BUNDLE_IDENTIFIER = com.bloom.bowelrecordTests;
				PRODUCT_NAME = "$(TARGET_NAME)";
				SWIFT_EMIT_LOC_STRINGS = NO;
				SWIFT_VERSION = 5.0;
				TARGETED_DEVICE_FAMILY = "1,2";
				TEST_HOST = "$(BUILT_PRODUCTS_DIR)/うんち記録.app/$(BUNDLE_EXECUTABLE_FOLDER_PATH)/うんち記録";
			};
			name = Release;
		};
		18845AB32F511D70004CF32F /* Debug */ = {
			isa = XCBuildConfiguration;
			buildSettings = {
				CODE_SIGN_STYLE = Automatic;
				CURRENT_PROJECT_VERSION = 2;
				DEVELOPMENT_TEAM = TB9B9824U4;
				GENERATE_INFOPLIST_FILE = YES;
				MARKETING_VERSION = 1.0.1;
				PRODUCT_BUNDLE_IDENTIFIER = com.bloom.bowelrecordUITests;
				PRODUCT_NAME = "$(TARGET_NAME)";
				SWIFT_EMIT_LOC_STRINGS = NO;
				SWIFT_VERSION = 5.0;
				TARGETED_DEVICE_FAMILY = "1,2";
				TEST_TARGET_NAME = "うんち記録";
			};
			name = Debug;
		};
		18845AB42F511D70004CF32F /* Release */ = {
			isa = XCBuildConfiguration;
			buildSettings = {
				CODE_SIGN_STYLE = Automatic;
				CURRENT_PROJECT_VERSION = 2;
				DEVELOPMENT_TEAM = TB9B9824U4;
				GENERATE_INFOPLIST_FILE = YES;
				MARKETING_VERSION = 1.0.1;
				PRODUCT_BUNDLE_IDENTIFIER = com.bloom.bowelrecordUITests;
				PRODUCT_NAME = "$(TARGET_NAME)";
				SWIFT_EMIT_LOC_STRINGS = NO;
				SWIFT_VERSION = 5.0;
				TARGETED_DEVICE_FAMILY = "1,2";
				TEST_TARGET_NAME = "うんち記録";
			};
			name = Release;
		};
/* End XCBuildConfiguration section */

/* Begin XCConfigurationList section */
		18845A862F511D6D004CF32F /* Build configuration list for PBXProject "うんち記録" */ = {
			isa = XCConfigurationList;
			buildConfigurations = (
				18845AAA2F511D70004CF32F /* Debug */,
				18845AAB2F511D70004CF32F /* Release */,
			);
			defaultConfigurationIsVisible = 0;
			defaultConfigurationName = Release;
		};
		18845AAC2F511D70004CF32F /* Build configuration list for PBXNativeTarget "うんち記録" */ = {
			isa = XCConfigurationList;
			buildConfigurations = (
				18845AAD2F511D70004CF32F /* Debug */,
				18845AAE2F511D70004CF32F /* Release */,
			);
			defaultConfigurationIsVisible = 0;
			defaultConfigurationName = Release;
		};
		18845AAF2F511D70004CF32F /* Build configuration list for PBXNativeTarget "うんち記録Tests" */ = {
			isa = XCConfigurationList;
			buildConfigurations = (
				18845AB02F511D70004CF32F /* Debug */,
				18845AB12F511D70004CF32F /* Release */,
			);
			defaultConfigurationIsVisible = 0;
			defaultConfigurationName = Release;
		};
		18845AB22F511D70004CF32F /* Build configuration list for PBXNativeTarget "うんち記録UITests" */ = {
			isa = XCConfigurationList;
			buildConfigurations = (
				18845AB32F511D70004CF32F /* Debug */,
				18845AB42F511D70004CF32F /* Release */,
			);
			defaultConfigurationIsVisible = 0;
			defaultConfigurationName = Release;
		};
/* End XCConfigurationList section */

/* Begin XCRemoteSwiftPackageReference section */
		FB0000012F511D70004CF32F /* XCRemoteSwiftPackageReference "firebase-ios-sdk" */ = {
			isa = XCRemoteSwiftPackageReference;
			repositoryURL = "https://github.com/firebase/firebase-ios-sdk";
			requirement = {
				kind = upToNextMajorVersion;
				minimumVersion = 11.14.0;
			};
		};
/* End XCRemoteSwiftPackageReference section */

/* Begin XCSwiftPackageProductDependency section */
		FB0000022F511D70004CF32F /* FirebaseAnalytics */ = {
			isa = XCSwiftPackageProductDependency;
			package = FB0000012F511D70004CF32F /* XCRemoteSwiftPackageReference "firebase-ios-sdk" */;
			productName = FirebaseAnalytics;
		};
/* End XCSwiftPackageProductDependency section */
	};
	rootObject = 18845A832F511D6D004CF32F /* Project object */;
}
